PODS:
  - FBSDKCoreKit (6.5.1):
    - FBSDKCoreKit/Basics (= 6.5.1)
    - FBSDKCoreKit/Core (= 6.5.1)
  - FBSDKCoreKit/Basics (6.5.1)
  - FBSDKCoreKit/Core (6.5.1):
    - FBSDKCoreKit/Basics
  - FBSDKLoginKit (6.5.1):
    - FBSDKLoginKit/Login (= 6.5.1)
  - FBSDKLoginKit/Login (6.5.1):
    - FBSDKCoreKit (~> 6.5.1)
  - Flutter (1.0.0)
  - flutter_facebook_login (0.0.1):
    - FBSDKCoreKit (~> 6.5.1)
    - FBSDKLoginKit (~> 6.5.1)
    - Flutter

DEPENDENCIES:
  - Flutter (from `Flutter`)
  - flutter_facebook_login (from `.symlinks/plugins/flutter_facebook_login/ios`)

SPEC REPOS:
  trunk:
    - FBSDKCoreKit
    - FBSDKLoginKit

EXTERNAL SOURCES:
  Flutter:
    :path: Flutter
  flutter_facebook_login:
    :path: ".symlinks/plugins/flutter_facebook_login/ios"

SPEC CHECKSUMS:
  FBSDKCoreKit: 3ecb604427e115bd90ff7fc62ee1e30ebd12285b
  FBSDKLoginKit: 8b2bc5fa30ea269e9d7208a1165c0a668c0ae826
  Flutter: 0e3d915762c693b495b44d77113d4970485de6ec
  flutter_facebook_login: 023f705ae061c8d0b2d934b7af308356846acd3c

PODFILE CHECKSUM: 505f6ea14fdd4b0f2a07aaa1088d592ce78274bb

COCOAPODS: 1.8.4
